
Microsoft Visual Studio Solution File, Format Version 12.00
# Visual Studio Version 17
VisualStudioVersion = 17.8.34330.188
MinimumVisualStudioVersion = 10.0.40219.1
Project("{FAE04EC0-301F-11D3-BF4B-00C04F79EFBC}") = "SauceDemo.UiTests", "SauceDemo.UiTests\SauceDemo.UiTests.csproj", "{9793AA3A-ED9E-41E5-A080-676F23E4547E}"
EndProject
Global
	GlobalSection(SolutionConfigurationPlatforms) = preSolution
		Debug|Any CPU = Debug|Any CPU
		Release|Any CPU = Release|Any CPU
	EndGlobalSection
	GlobalSection(ProjectConfigurationPlatforms) = postSolution
		{9793AA3A-ED9E-41E5-A080-676F23E4547E}.Debug|Any CPU.ActiveCfg = Debug|Any CPU
		{9793AA3A-ED9E-41E5-A080-676F23E4547E}.Debug|Any CPU.Build.0 = Debug|Any CPU
		{9793AA3A-ED9E-41E5-A080-676F23E4547E}.Release|Any CPU.ActiveCfg = Release|Any CPU
		{9793AA3A-ED9E-41E5-A080-676F23E4547E}.Release|Any CPU.Build.0 = Release|Any CPU
	EndGlobalSection
	GlobalSection(SolutionProperties) = preSolution
		HideSolutionNode = FALSE
	EndGlobalSection
EndGlobal
