
Microsoft Visual Studio Solution File, Format Version 12.00
# Visual Studio Version 17
VisualStudioVersion = 17.8.34330.188
MinimumVisualStudioVersion = 10.0.40219.1
Project("{FAE04EC0-301F-11D3-BF4B-00C04F79EFBC}") = "OrderService.Api", "src\OrderService.Api\OrderService.Api.csproj", "{E7DDC775-269B-408B-B82A-8AD51BEE82CA}"
EndProject
Project("{FAE04EC0-301F-11D3-BF4B-00C04F79EFBC}") = "OrderService.UnitTests.Xunit", "tests\OrderService.UnitTests.Xunit\OrderService.UnitTests.Xunit.csproj", "{45B73963-4712-44CE-AD9A-8E09E9FCC929}"
EndProject
Project("{FAE04EC0-301F-11D3-BF4B-00C04F79EFBC}") = "OrderService.UnitTests.Nunit", "tests\OrderService.UnitTests.Nunit\OrderService.UnitTests.Nunit.csproj", "{13AC23C7-1777-48E4-83BB-4F63C4DA6DCE}"
EndProject
Project("{FAE04EC0-301F-11D3-BF4B-00C04F79EFBC}") = "OrderService.IntegrationTests", "tests\OrderService.IntegrationTests\OrderService.IntegrationTests.csproj", "{67C72EE9-E044-4B34-94AB-B493495504D2}"
EndProject
Global
	GlobalSection(SolutionConfigurationPlatforms) = preSolution
		Debug|Any CPU = Debug|Any CPU
		Release|Any CPU = Release|Any CPU
	EndGlobalSection
	GlobalSection(ProjectConfigurationPlatforms) = postSolution
		{E7DDC775-269B-408B-B82A-8AD51BEE82CA}.Debug|Any CPU.ActiveCfg = Debug|Any CPU
		{E7DDC775-269B-408B-B82A-8AD51BEE82CA}.Debug|Any CPU.Build.0 = Debug|Any CPU
		{E7DDC775-269B-408B-B82A-8AD51BEE82CA}.Release|Any CPU.ActiveCfg = Release|Any CPU
		{E7DDC775-269B-408B-B82A-8AD51BEE82CA}.Release|Any CPU.Build.0 = Release|Any CPU
		{45B73963-4712-44CE-AD9A-8E09E9FCC929}.Debug|Any CPU.ActiveCfg = Debug|Any CPU
		{45B73963-4712-44CE-AD9A-8E09E9FCC929}.Debug|Any CPU.Build.0 = Debug|Any CPU
		{45B73963-4712-44CE-AD9A-8E09E9FCC929}.Release|Any CPU.ActiveCfg = Release|Any CPU
		{45B73963-4712-44CE-AD9A-8E09E9FCC929}.Release|Any CPU.Build.0 = Release|Any CPU
		{13AC23C7-1777-48E4-83BB-4F63C4DA6DCE}.Debug|Any CPU.ActiveCfg = Debug|Any CPU
		{13AC23C7-1777-48E4-83BB-4F63C4DA6DCE}.Debug|Any CPU.Build.0 = Debug|Any CPU
		{13AC23C7-1777-48E4-83BB-4F63C4DA6DCE}.Release|Any CPU.ActiveCfg = Release|Any CPU
		{13AC23C7-1777-48E4-83BB-4F63C4DA6DCE}.Release|Any CPU.Build.0 = Release|Any CPU
		{67C72EE9-E044-4B34-94AB-B493495504D2}.Debug|Any CPU.ActiveCfg = Debug|Any CPU
		{67C72EE9-E044-4B34-94AB-B493495504D2}.Debug|Any CPU.Build.0 = Debug|Any CPU
		{67C72EE9-E044-4B34-94AB-B493495504D2}.Release|Any CPU.ActiveCfg = Release|Any CPU
		{67C72EE9-E044-4B34-94AB-B493495504D2}.Release|Any CPU.Build.0 = Release|Any CPU
	EndGlobalSection
	GlobalSection(SolutionProperties) = preSolution
		HideSolutionNode = FALSE
	EndGlobalSection
EndGlobal
